{
  "requires": true,
  "lockfileVersion": 1,
  "dependencies": {
    "angular2-csv": {
      "version": "0.2.9",
      "resolved": "https://registry.npmjs.org/angular2-csv/-/angular2-csv-0.2.9.tgz",
      "integrity": "sha512-RmVpaT2DSLJikPIxXfvhNHT/a03g+jM7Wsx0x+kNmCTuTqA1MAIPVhZPNgFvoSvZM898ACgcTSV6vvsDLdt1BA==",
      "requires": {
        "tslib": "^1.9.0"
      }
    },
    "tslib": {
      "version": "1.9.3",
      "resolved": "https://registry.npmjs.org/tslib/-/tslib-1.9.3.tgz",
      "integrity": "sha512-4krF8scpejhaOgqzBEcGM7yDIEfi0/8+8zDRZhNZZ2kjmHJ4hv3zCbQWxoJGz1iw5U0Jl0nma13xzHXcncMavQ=="
    }
  }
}
